
Microsoft Visual Studio Solution File, Format Version 12.00
# Visual Studio Version 16
VisualStudioVersion = 16.0.31410.357
MinimumVisualStudioVersion = 10.0.40219.1
Project("{FAE04EC0-301F-11D3-BF4B-00C04F79EFBC}") = "TestPost", "TestPost\TestPost.csproj", "{DB772244-382F-4EEE-825B-BE656FB0F3A6}"
EndProject
Global
	GlobalSection(SolutionConfigurationPlatforms) = preSolution
		Debug|Any CPU = Debug|Any CPU
		Release|Any CPU = Release|Any CPU
	EndGlobalSection
	GlobalSection(ProjectConfigurationPlatforms) = postSolution
		{DB772244-382F-4EEE-825B-BE656FB0F3A6}.Debug|Any CPU.ActiveCfg = Debug|Any CPU
		{DB772244-382F-4EEE-825B-BE656FB0F3A6}.Debug|Any CPU.Build.0 = Debug|Any CPU
		{DB772244-382F-4EEE-825B-BE656FB0F3A6}.Release|Any CPU.ActiveCfg = Release|Any CPU
		{DB772244-382F-4EEE-825B-BE656FB0F3A6}.Release|Any CPU.Build.0 = Release|Any CPU
	EndGlobalSection
	GlobalSection(SolutionProperties) = preSolution
		HideSolutionNode = FALSE
	EndGlobalSection
	GlobalSection(ExtensibilityGlobals) = postSolution
		SolutionGuid = {D0E7A8B9-46DE-4779-B269-2CC127906D0B}
	EndGlobalSection
EndGlobal
